
Microsoft Visual Studio Solution File, Format Version 12.00
# Visual Studio Version 16
VisualStudioVersion = 16.0.31129.286
MinimumVisualStudioVersion = 10.0.40219.1
Project("{2150E333-8FDC-42A3-9474-1A3956D46DE8}") = "src", "src", "{78B1EB50-C420-4B95-B356-ABF1A9C8117C}"
EndProject
Project("{9A19103F-16F7-4668-BE54-9A1E7A4F7556}") = "Es.PesquisaCep.Api", "src\Es.PesquisaCep.Api\Es.PesquisaCep.Api.csproj", "{2AB1A330-B513-4039-8C54-181303D369B3}"
EndProject
Project("{FAE04EC0-301F-11D3-BF4B-00C04F79EFBC}") = "Es.PesquisaCep.Application", "src\Es.PesquisaCep.Application\Es.PesquisaCep.Application.csproj", "{407049E0-15FF-4FF1-B812-F95DFFEE203B}"
EndProject
Project("{FAE04EC0-301F-11D3-BF4B-00C04F79EFBC}") = "Es.PesquisaCep.DomainCore", "src\Es.PesquisaCep.DomainCore\Es.PesquisaCep.DomainCore.csproj", "{FA33B4E7-116F-42F3-9325-5247C66C4EE1}"
EndProject
Project("{FAE04EC0-301F-11D3-BF4B-00C04F79EFBC}") = "Es.PesquisaCep.Infrastructure", "src\Es.PesquisaCep.Infrastructure\Es.PesquisaCep.Infrastructure.csproj", "{752E419A-DBA7-4131-A97D-20566F5ABACB}"
EndProject
Project("{FAE04EC0-301F-11D3-BF4B-00C04F79EFBC}") = "Es.PesquisaCep.Domain", "src\Es.PesquisaCep.Domain\Es.PesquisaCep.Domain.csproj", "{DA4D805A-E0D2-4D45-855F-4B68AC2F457E}"
EndProject
Project("{FAE04EC0-301F-11D3-BF4B-00C04F79EFBC}") = "Es.PesquisaCep.IoC", "src\Es.PesquisaCep.IoC\Es.PesquisaCep.IoC.csproj", "{E312743C-80F4-4B38-B02D-7CE53D15F891}"
EndProject
Global
	GlobalSection(SolutionConfigurationPlatforms) = preSolution
		Debug|Any CPU = Debug|Any CPU
		Release|Any CPU = Release|Any CPU
	EndGlobalSection
	GlobalSection(ProjectConfigurationPlatforms) = postSolution
		{2AB1A330-B513-4039-8C54-181303D369B3}.Debug|Any CPU.ActiveCfg = Debug|Any CPU
		{2AB1A330-B513-4039-8C54-181303D369B3}.Debug|Any CPU.Build.0 = Debug|Any CPU
		{2AB1A330-B513-4039-8C54-181303D369B3}.Release|Any CPU.ActiveCfg = Release|Any CPU
		{2AB1A330-B513-4039-8C54-181303D369B3}.Release|Any CPU.Build.0 = Release|Any CPU
		{407049E0-15FF-4FF1-B812-F95DFFEE203B}.Debug|Any CPU.ActiveCfg = Debug|Any CPU
		{407049E0-15FF-4FF1-B812-F95DFFEE203B}.Debug|Any CPU.Build.0 = Debug|Any CPU
		{407049E0-15FF-4FF1-B812-F95DFFEE203B}.Release|Any CPU.ActiveCfg = Release|Any CPU
		{407049E0-15FF-4FF1-B812-F95DFFEE203B}.Release|Any CPU.Build.0 = Release|Any CPU
		{FA33B4E7-116F-42F3-9325-5247C66C4EE1}.Debug|Any CPU.ActiveCfg = Debug|Any CPU
		{FA33B4E7-116F-42F3-9325-5247C66C4EE1}.Debug|Any CPU.Build.0 = Debug|Any CPU
		{FA33B4E7-116F-42F3-9325-5247C66C4EE1}.Release|Any CPU.ActiveCfg = Release|Any CPU
		{FA33B4E7-116F-42F3-9325-5247C66C4EE1}.Release|Any CPU.Build.0 = Release|Any CPU
		{752E419A-DBA7-4131-A97D-20566F5ABACB}.Debug|Any CPU.ActiveCfg = Debug|Any CPU
		{752E419A-DBA7-4131-A97D-20566F5ABACB}.Debug|Any CPU.Build.0 = Debug|Any CPU
		{752E419A-DBA7-4131-A97D-20566F5ABACB}.Release|Any CPU.ActiveCfg = Release|Any CPU
		{752E419A-DBA7-4131-A97D-20566F5ABACB}.Release|Any CPU.Build.0 = Release|Any CPU
		{DA4D805A-E0D2-4D45-855F-4B68AC2F457E}.Debug|Any CPU.ActiveCfg = Debug|Any CPU
		{DA4D805A-E0D2-4D45-855F-4B68AC2F457E}.Debug|Any CPU.Build.0 = Debug|Any CPU
		{DA4D805A-E0D2-4D45-855F-4B68AC2F457E}.Release|Any CPU.ActiveCfg = Release|Any CPU
		{DA4D805A-E0D2-4D45-855F-4B68AC2F457E}.Release|Any CPU.Build.0 = Release|Any CPU
		{E312743C-80F4-4B38-B02D-7CE53D15F891}.Debug|Any CPU.ActiveCfg = Debug|Any CPU
		{E312743C-80F4-4B38-B02D-7CE53D15F891}.Debug|Any CPU.Build.0 = Debug|Any CPU
		{E312743C-80F4-4B38-B02D-7CE53D15F891}.Release|Any CPU.ActiveCfg = Release|Any CPU
		{E312743C-80F4-4B38-B02D-7CE53D15F891}.Release|Any CPU.Build.0 = Release|Any CPU
	EndGlobalSection
	GlobalSection(SolutionProperties) = preSolution
		HideSolutionNode = FALSE
	EndGlobalSection
	GlobalSection(NestedProjects) = preSolution
		{2AB1A330-B513-4039-8C54-181303D369B3} = {78B1EB50-C420-4B95-B356-ABF1A9C8117C}
		{407049E0-15FF-4FF1-B812-F95DFFEE203B} = {78B1EB50-C420-4B95-B356-ABF1A9C8117C}
		{FA33B4E7-116F-42F3-9325-5247C66C4EE1} = {78B1EB50-C420-4B95-B356-ABF1A9C8117C}
		{752E419A-DBA7-4131-A97D-20566F5ABACB} = {78B1EB50-C420-4B95-B356-ABF1A9C8117C}
		{DA4D805A-E0D2-4D45-855F-4B68AC2F457E} = {78B1EB50-C420-4B95-B356-ABF1A9C8117C}
		{E312743C-80F4-4B38-B02D-7CE53D15F891} = {78B1EB50-C420-4B95-B356-ABF1A9C8117C}
	EndGlobalSection
	GlobalSection(ExtensibilityGlobals) = postSolution
		SolutionGuid = {DABC37F2-F349-4212-A4F7-C10FEC7510B8}
	EndGlobalSection
EndGlobal
